
Microsoft Visual Studio Solution File, Format Version 12.00
# Visual Studio 15
VisualStudioVersion = 15.0.27428.2027
MinimumVisualStudioVersion = 10.0.40219.1
Project("{9A19103F-16F7-4668-BE54-9A1E7A4F7556}") = "LinqToDB.EntityFrameworkCore", "Source\LinqToDB.EntityFrameworkCore\LinqToDB.EntityFrameworkCore.csproj", "{29F45BE9-3B57-4162-A02A-59F05528A0E7}"
EndProject
Project("{9A19103F-16F7-4668-BE54-9A1E7A4F7556}") = "LinqToDB.EntityFrameworkCore.Tests", "Tests\LinqToDB.EntityFrameworkCore.Tests\LinqToDB.EntityFrameworkCore.Tests.csproj", "{C72DF3F6-ADA9-46DB-9E4D-1870849BB3C3}"
EndProject
Project("{9A19103F-16F7-4668-BE54-9A1E7A4F7556}") = "LinqToDB", "..\linq2db\Source\LinqToDB\LinqToDB.csproj", "{51F63D7C-CCF4-4BA3-AF61-FDCC2F8D5CC9}"
EndProject
Global
	GlobalSection(SolutionConfigurationPlatforms) = preSolution
		Debug|Any CPU = Debug|Any CPU
		Release|Any CPU = Release|Any CPU
	EndGlobalSection
	GlobalSection(ProjectConfigurationPlatforms) = postSolution
		{29F45BE9-3B57-4162-A02A-59F05528A0E7}.Debug|Any CPU.ActiveCfg = Debug|Any CPU
		{29F45BE9-3B57-4162-A02A-59F05528A0E7}.Debug|Any CPU.Build.0 = Debug|Any CPU
		{29F45BE9-3B57-4162-A02A-59F05528A0E7}.Release|Any CPU.ActiveCfg = Release|Any CPU
		{29F45BE9-3B57-4162-A02A-59F05528A0E7}.Release|Any CPU.Build.0 = Release|Any CPU
		{C72DF3F6-ADA9-46DB-9E4D-1870849BB3C3}.Debug|Any CPU.ActiveCfg = Debug|Any CPU
		{C72DF3F6-ADA9-46DB-9E4D-1870849BB3C3}.Debug|Any CPU.Build.0 = Debug|Any CPU
		{C72DF3F6-ADA9-46DB-9E4D-1870849BB3C3}.Release|Any CPU.ActiveCfg = Release|Any CPU
		{C72DF3F6-ADA9-46DB-9E4D-1870849BB3C3}.Release|Any CPU.Build.0 = Release|Any CPU
		{51F63D7C-CCF4-4BA3-AF61-FDCC2F8D5CC9}.Debug|Any CPU.ActiveCfg = Debug|Any CPU
		{51F63D7C-CCF4-4BA3-AF61-FDCC2F8D5CC9}.Debug|Any CPU.Build.0 = Debug|Any CPU
		{51F63D7C-CCF4-4BA3-AF61-FDCC2F8D5CC9}.Release|Any CPU.ActiveCfg = Release|Any CPU
		{51F63D7C-CCF4-4BA3-AF61-FDCC2F8D5CC9}.Release|Any CPU.Build.0 = Release|Any CPU
	EndGlobalSection
	GlobalSection(SolutionProperties) = preSolution
		HideSolutionNode = FALSE
	EndGlobalSection
	GlobalSection(ExtensibilityGlobals) = postSolution
		SolutionGuid = {96E250D9-36FF-46EA-980A-4F8D1F88D51F}
	EndGlobalSection
EndGlobal
